// !$*UTF8*$!
{
	archiveVersion = 1;
	classes = {
	};
	objectVersion = 55;
	objects = {

/* Begin PBXBuildFile section */
		B3120D4127D16564005601FA /* Designs.swift in Sources */ = {isa = PBXBuildFile; fileRef = B3120D4027D16564005601FA /* Designs.swift */; };
		B3120D4327D16CE7005601FA /* PickupStatusView.swift in Sources */ = {isa = PBXBuildFile; fileRef = B3120D4227D16CE7005601FA /* PickupStatusView.swift */; };
		B3120D4527D16ECD005601FA /* ChipsCollectionView.swift in Sources */ = {isa = PBXBuildFile; fileRef = B3120D4427D16ECD005601FA /* ChipsCollectionView.swift */; };
		B3798B9627CFC952001EB0DC /* RackStationApp.swift in Sources */ = {isa = PBXBuildFile; fileRef = B3798B9527CFC952001EB0DC /* RackStationApp.swift */; };
		B3798B9A27CFC957001EB0DC /* Assets.xcassets in Resources */ = {isa = PBXBuildFile; fileRef = B3798B9927CFC957001EB0DC /* Assets.xcassets */; };
		B3798B9D27CFC957001EB0DC /* Preview Assets.xcassets in Resources */ = {isa = PBXBuildFile; fileRef = B3798B9C27CFC957001EB0DC /* Preview Assets.xcassets */; };
		B3798BAA27CFD66D001EB0DC /* AreaDesign.swift in Sources */ = {isa = PBXBuildFile; fileRef = B3798BA927CFD66D001EB0DC /* AreaDesign.swift */; };
		B3798BAF27CFD68E001EB0DC /* HomeCardView.swift in Sources */ = {isa = PBXBuildFile; fileRef = B3798BAC27CFD68E001EB0DC /* HomeCardView.swift */; };
		B3798BB027CFD68E001EB0DC /* HomeView.swift in Sources */ = {isa = PBXBuildFile; fileRef = B3798BAD27CFD68E001EB0DC /* HomeView.swift */; };
		B3798BB227CFDFA1001EB0DC /* HomeViewDesign.swift in Sources */ = {isa = PBXBuildFile; fileRef = B3798BB127CFDFA1001EB0DC /* HomeViewDesign.swift */; };
		B3D6202527D6409200B0ECC5 /* ChipView.swift in Sources */ = {isa = PBXBuildFile; fileRef = B3D6202427D6409200B0ECC5 /* ChipView.swift */; };
/* End PBXBuildFile section */

/* Begin PBXFileReference section */
		B3120D4027D16564005601FA /* Designs.swift */ = {isa = PBXFileReference; lastKnownFileType = sourcecode.swift; path = Designs.swift; sourceTree = "<group>"; };
		B3120D4227D16CE7005601FA /* PickupStatusView.swift */ = {isa = PBXFileReference; lastKnownFileType = sourcecode.swift; path = PickupStatusView.swift; sourceTree = "<group>"; };
		B3120D4427D16ECD005601FA /* ChipsCollectionView.swift */ = {isa = PBXFileReference; lastKnownFileType = sourcecode.swift; path = ChipsCollectionView.swift; sourceTree = "<group>"; };
		B3798B9227CFC952001EB0DC /* RackStation.app */ = {isa = PBXFileReference; explicitFileType = wrapper.application; includeInIndex = 0; path = RackStation.app; sourceTree = BUILT_PRODUCTS_DIR; };
		B3798B9527CFC952001EB0DC /* RackStationApp.swift */ = {isa = PBXFileReference; lastKnownFileType = sourcecode.swift; path = RackStationApp.swift; sourceTree = "<group>"; };
		B3798B9927CFC957001EB0DC /* Assets.xcassets */ = {isa = PBXFileReference; lastKnownFileType = folder.assetcatalog; path = Assets.xcassets; sourceTree = "<group>"; };
		B3798B9C27CFC957001EB0DC /* Preview Assets.xcassets */ = {isa = PBXFileReference; lastKnownFileType = folder.assetcatalog; path = "Preview Assets.xcassets"; sourceTree = "<group>"; };
		B3798BA927CFD66D001EB0DC /* AreaDesign.swift */ = {isa = PBXFileReference; lastKnownFileType = sourcecode.swift; path = AreaDesign.swift; sourceTree = "<group>"; };
		B3798BAC27CFD68E001EB0DC /* HomeCardView.swift */ = {isa = PBXFileReference; fileEncoding = 4; lastKnownFileType = sourcecode.swift; path = HomeCardView.swift; sourceTree = "<group>"; };
		B3798BAD27CFD68E001EB0DC /* HomeView.swift */ = {isa = PBXFileReference; fileEncoding = 4; lastKnownFileType = sourcecode.swift; path = HomeView.swift; sourceTree = "<group>"; };
		B3798BB127CFDFA1001EB0DC /* HomeViewDesign.swift */ = {isa = PBXFileReference; fileEncoding = 4; lastKnownFileType = sourcecode.swift; path = HomeViewDesign.swift; sourceTree = "<group>"; };
		B3D6202427D6409200B0ECC5 /* ChipView.swift */ = {isa = PBXFileReference; lastKnownFileType = sourcecode.swift; path = ChipView.swift; sourceTree = "<group>"; };
/* End PBXFileReference section */

/* Begin PBXFrameworksBuildPhase section */
		B3798B8F27CFC952001EB0DC /* Frameworks */ = {
			isa = PBXFrameworksBuildPhase;
			buildActionMask = 2147483647;
			files = (
			);
			runOnlyForDeploymentPostprocessing = 0;
		};
/* End PBXFrameworksBuildPhase section */

/* Begin PBXGroup section */
		B3798B8927CFC952001EB0DC = {
			isa = PBXGroup;
			children = (
				B3798B9427CFC952001EB0DC /* RackStation */,
				B3798B9327CFC952001EB0DC /* Products */,
			);
			sourceTree = "<group>";
		};
		B3798B9327CFC952001EB0DC /* Products */ = {
			isa = PBXGroup;
			children = (
				B3798B9227CFC952001EB0DC /* RackStation.app */,
			);
			name = Products;
			sourceTree = "<group>";
		};
		B3798B9427CFC952001EB0DC /* RackStation */ = {
			isa = PBXGroup;
			children = (
				B3798BB127CFDFA1001EB0DC /* HomeViewDesign.swift */,
				B3798B9527CFC952001EB0DC /* RackStationApp.swift */,
				B3798BAC27CFD68E001EB0DC /* HomeCardView.swift */,
				B3798BAD27CFD68E001EB0DC /* HomeView.swift */,
				B3798B9927CFC957001EB0DC /* Assets.xcassets */,
				B3798B9B27CFC957001EB0DC /* Preview Content */,
				B3798BA927CFD66D001EB0DC /* AreaDesign.swift */,
				B3120D4027D16564005601FA /* Designs.swift */,
				B3120D4227D16CE7005601FA /* PickupStatusView.swift */,
				B3120D4427D16ECD005601FA /* ChipsCollectionView.swift */,
				B3D6202427D6409200B0ECC5 /* ChipView.swift */,
			);
			path = RackStation;
			sourceTree = "<group>";
		};
		B3798B9B27CFC957001EB0DC /* Preview Content */ = {
			isa = PBXGroup;
			children = (
				B3798B9C27CFC957001EB0DC /* Preview Assets.xcassets */,
			);
			path = "Preview Content";
			sourceTree = "<group>";
		};
/* End PBXGroup section */

/* Begin PBXNativeTarget section */
		B3798B9127CFC952001EB0DC /* RackStation */ = {
			isa = PBXNativeTarget;
			buildConfigurationList = B3798BA027CFC957001EB0DC /* Build configuration list for PBXNativeTarget "RackStation" */;
			buildPhases = (
				B3798B8E27CFC952001EB0DC /* Sources */,
				B3798B8F27CFC952001EB0DC /* Frameworks */,
				B3798B9027CFC952001EB0DC /* Resources */,
			);
			buildRules = (
			);
			dependencies = (
			);
			name = RackStation;
			productName = RackStation;
			productReference = B3798B9227CFC952001EB0DC /* RackStation.app */;
			productType = "com.apple.product-type.application";
		};
/* End PBXNativeTarget section */

/* Begin PBXProject section */
		B3798B8A27CFC952001EB0DC /* Project object */ = {
			isa = PBXProject;
			attributes = {
				BuildIndependentTargetsInParallel = 1;
				LastSwiftUpdateCheck = 1330;
				LastUpgradeCheck = 1330;
				TargetAttributes = {
					B3798B9127CFC952001EB0DC = {
						CreatedOnToolsVersion = 13.3;
					};
				};
			};
			buildConfigurationList = B3798B8D27CFC952001EB0DC /* Build configuration list for PBXProject "RackStation" */;
			compatibilityVersion = "Xcode 13.0";
			developmentRegion = en;
			hasScannedForEncodings = 0;
			knownRegions = (
				en,
				Base,
			);
			mainGroup = B3798B8927CFC952001EB0DC;
			productRefGroup = B3798B9327CFC952001EB0DC /* Products */;
			projectDirPath = "";
			projectRoot = "";
			targets = (
				B3798B9127CFC952001EB0DC /* RackStation */,
			);
		};
/* End PBXProject section */

/* Begin PBXResourcesBuildPhase section */
		B3798B9027CFC952001EB0DC /* Resources */ = {
			isa = PBXResourcesBuildPhase;
			buildActionMask = 2147483647;
			files = (
				B3798B9D27CFC957001EB0DC /* Preview Assets.xcassets in Resources */,
				B3798B9A27CFC957001EB0DC /* Assets.xcassets in Resources */,
			);
			runOnlyForDeploymentPostprocessing = 0;
		};
/* End PBXResourcesBuildPhase section */

/* Begin PBXSourcesBuildPhase section */
		B3798B8E27CFC952001EB0DC /* Sources */ = {
			isa = PBXSourcesBuildPhase;
			buildActionMask = 2147483647;
			files = (
				B3798BAF27CFD68E001EB0DC /* HomeCardView.swift in Sources */,
				B3798BB227CFDFA1001EB0DC /* HomeViewDesign.swift in Sources */,
				B3120D4527D16ECD005601FA /* ChipsCollectionView.swift in Sources */,
				B3798BAA27CFD66D001EB0DC /* AreaDesign.swift in Sources */,
				B3798BB027CFD68E001EB0DC /* HomeView.swift in Sources */,
				B3D6202527D6409200B0ECC5 /* ChipView.swift in Sources */,
				B3120D4327D16CE7005601FA /* PickupStatusView.swift in Sources */,
				B3798B9627CFC952001EB0DC /* RackStationApp.swift in Sources */,
				B3120D4127D16564005601FA /* Designs.swift in Sources */,
			);
			runOnlyForDeploymentPostprocessing = 0;
		};
/* End PBXSourcesBuildPhase section */

/* Begin XCBuildConfiguration section */
		B3798B9E27CFC957001EB0DC /* Debug */ = {
			isa = XCBuildConfiguration;
			buildSettings = {
				ALWAYS_SEARCH_USER_PATHS = NO;
				CLANG_ANALYZER_NONNULL = YES;
				CLANG_ANALYZER_NUMBER_OBJECT_CONVERSION = YES_AGGRESSIVE;
				CLANG_CXX_LANGUAGE_STANDARD = "gnu++17";
				CLANG_ENABLE_MODULES = YES;
				CLANG_ENABLE_OBJC_ARC = YES;
				CLANG_ENABLE_OBJC_WEAK = YES;
				CLANG_WARN_BLOCK_CAPTURE_AUTORELEASING = YES;
				CLANG_WARN_BOOL_CONVERSION = YES;
				CLANG_WARN_COMMA = YES;
				CLANG_WARN_CONSTANT_CONVERSION = YES;
				CLANG_WARN_DEPRECATED_OBJC_IMPLEMENTATIONS = YES;
				CLANG_WARN_DIRECT_OBJC_ISA_USAGE = YES_ERROR;
				CLANG_WARN_DOCUMENTATION_COMMENTS = YES;
				CLANG_WARN_EMPTY_BODY = YES;
				CLANG_WARN_ENUM_CONVERSION = YES;
				CLANG_WARN_INFINITE_RECURSION = YES;
				CLANG_WARN_INT_CONVERSION = YES;
				CLANG_WARN_NON_LITERAL_NULL_CONVERSION = YES;
				CLANG_WARN_OBJC_IMPLICIT_RETAIN_SELF = YES;
				CLANG_WARN_OBJC_LITERAL_CONVERSION = YES;
				CLANG_WARN_OBJC_ROOT_CLASS = YES_ERROR;
				CLANG_WARN_QUOTED_INCLUDE_IN_FRAMEWORK_HEADER = YES;
				CLANG_WARN_RANGE_LOOP_ANALYSIS = YES;
				CLANG_WARN_STRICT_PROTOTYPES = YES;
				CLANG_WARN_SUSPICIOUS_MOVE = YES;
				CLANG_WARN_UNGUARDED_AVAILABILITY = YES_AGGRESSIVE;
				CLANG_WARN_UNREACHABLE_CODE = YES;
				CLANG_WARN__DUPLICATE_METHOD_MATCH = YES;
				COPY_PHASE_STRIP = NO;
				DEBUG_INFORMATION_FORMAT = dwarf;
				ENABLE_STRICT_OBJC_MSGSEND = YES;
				ENABLE_TESTABILITY = YES;
				GCC_C_LANGUAGE_STANDARD = gnu11;
				GCC_DYNAMIC_NO_PIC = NO;
				GCC_NO_COMMON_BLOCKS = YES;
				GCC_OPTIMIZATION_LEVEL = 0;
				GCC_PREPROCESSOR_DEFINITIONS = (
					"DEBUG=1",
					"$(inherited)",
				);
				GCC_WARN_64_TO_32_BIT_CONVERSION = YES;
				GCC_WARN_ABOUT_RETURN_TYPE = YES_ERROR;
				GCC_WARN_UNDECLARED_SELECTOR = YES;
				GCC_WARN_UNINITIALIZED_AUTOS = YES_AGGRESSIVE;
				GCC_WARN_UNUSED_FUNCTION = YES;
				GCC_WARN_UNUSED_VARIABLE = YES;
				IPHONEOS_DEPLOYMENT_TARGET = 15.4;
				MTL_ENABLE_DEBUG_INFO = INCLUDE_SOURCE;
				MTL_FAST_MATH = YES;
				ONLY_ACTIVE_ARCH = YES;
				SDKROOT = iphoneos;
				SWIFT_ACTIVE_COMPILATION_CONDITIONS = DEBUG;
				SWIFT_OPTIMIZATION_LEVEL = "-Onone";
			};
			name = Debug;
		};
		B3798B9F27CFC957001EB0DC /* Release */ = {
			isa = XCBuildConfiguration;
			buildSettings = {
				ALWAYS_SEARCH_USER_PATHS = NO;
				CLANG_ANALYZER_NONNULL = YES;
				CLANG_ANALYZER_NUMBER_OBJECT_CONVERSION = YES_AGGRESSIVE;
				CLANG_CXX_LANGUAGE_STANDARD = "gnu++17";
				CLANG_ENABLE_MODULES = YES;
				CLANG_ENABLE_OBJC_ARC = YES;
				CLANG_ENABLE_OBJC_WEAK = YES;
				CLANG_WARN_BLOCK_CAPTURE_AUTORELEASING = YES;
				CLANG_WARN_BOOL_CONVERSION = YES;
				CLANG_WARN_COMMA = YES;
				CLANG_WARN_CONSTANT_CONVERSION = YES;
				CLANG_WARN_DEPRECATED_OBJC_IMPLEMENTATIONS = YES;
				CLANG_WARN_DIRECT_OBJC_ISA_USAGE = YES_ERROR;
				CLANG_WARN_DOCUMENTATION_COMMENTS = YES;
				CLANG_WARN_EMPTY_BODY = YES;
				CLANG_WARN_ENUM_CONVERSION = YES;
				CLANG_WARN_INFINITE_RECURSION = YES;
				CLANG_WARN_INT_CONVERSION = YES;
				CLANG_WARN_NON_LITERAL_NULL_CONVERSION = YES;
				CLANG_WARN_OBJC_IMPLICIT_RETAIN_SELF = YES;
				CLANG_WARN_OBJC_LITERAL_CONVERSION = YES;
				CLANG_WARN_OBJC_ROOT_CLASS = YES_ERROR;
				CLANG_WARN_QUOTED_INCLUDE_IN_FRAMEWORK_HEADER = YES;
				CLANG_WARN_RANGE_LOOP_ANALYSIS = YES;
				CLANG_WARN_STRICT_PROTOTYPES = YES;
				CLANG_WARN_SUSPICIOUS_MOVE = YES;
				CLANG_WARN_UNGUARDED_AVAILABILITY = YES_AGGRESSIVE;
				CLANG_WARN_UNREACHABLE_CODE = YES;
				CLANG_WARN__DUPLICATE_METHOD_MATCH = YES;
				COPY_PHASE_STRIP = NO;
				DEBUG_INFORMATION_FORMAT = "dwarf-with-dsym";
				ENABLE_NS_ASSERTIONS = NO;
				ENABLE_STRICT_OBJC_MSGSEND = YES;
				GCC_C_LANGUAGE_STANDARD = gnu11;
				GCC_NO_COMMON_BLOCKS = YES;
				GCC_WARN_64_TO_32_BIT_CONVERSION = YES;
				GCC_WARN_ABOUT_RETURN_TYPE = YES_ERROR;
				GCC_WARN_UNDECLARED_SELECTOR = YES;
				GCC_WARN_UNINITIALIZED_AUTOS = YES_AGGRESSIVE;
				GCC_WARN_UNUSED_FUNCTION = YES;
				GCC_WARN_UNUSED_VARIABLE = YES;
				IPHONEOS_DEPLOYMENT_TARGET = 15.4;
				MTL_ENABLE_DEBUG_INFO = NO;
				MTL_FAST_MATH = YES;
				SDKROOT = iphoneos;
				SWIFT_COMPILATION_MODE = wholemodule;
				SWIFT_OPTIMIZATION_LEVEL = "-O";
				VALIDATE_PRODUCT = YES;
			};
			name = Release;
		};
		B3798BA127CFC957001EB0DC /* Debug */ = {
			isa = XCBuildConfiguration;
			buildSettings = {
				ASSETCATALOG_COMPILER_APPICON_NAME = AppIcon;
				ASSETCATALOG_COMPILER_GLOBAL_ACCENT_COLOR_NAME = AccentColor;
				CODE_SIGN_STYLE = Automatic;
				CURRENT_PROJECT_VERSION = 1;
				DEVELOPMENT_ASSET_PATHS = "\"RackStation/Preview Content\"";
				DEVELOPMENT_TEAM = MLT7M394S7;
				ENABLE_PREVIEWS = YES;
				GENERATE_INFOPLIST_FILE = YES;
				INFOPLIST_KEY_UIApplicationSceneManifest_Generation = YES;
				INFOPLIST_KEY_UIApplicationSupportsIndirectInputEvents = YES;
				INFOPLIST_KEY_UILaunchScreen_Generation = YES;
				INFOPLIST_KEY_UISupportedInterfaceOrientations_iPad = "UIInterfaceOrientationPortrait UIInterfaceOrientationPortraitUpsideDown UIInterfaceOrientationLandscapeLeft UIInterfaceOrientationLandscapeRight";
				INFOPLIST_KEY_UISupportedInterfaceOrientations_iPhone = "UIInterfaceOrientationPortrait UIInterfaceOrientationLandscapeLeft UIInterfaceOrientationLandscapeRight";
				LD_RUNPATH_SEARCH_PATHS = (
					"$(inherited)",
					"@executable_path/Frameworks",
				);
				MARKETING_VERSION = 1.0;
				PRODUCT_BUNDLE_IDENTIFIER = com.brightdigit.RackStation;
				PRODUCT_NAME = "$(TARGET_NAME)";
				SWIFT_EMIT_LOC_STRINGS = YES;
				SWIFT_VERSION = 5.0;
				TARGETED_DEVICE_FAMILY = "1,2";
			};
			name = Debug;
		};
		B3798BA227CFC957001EB0DC /* Release */ = {
			isa = XCBuildConfiguration;
			buildSettings = {
				ASSETCATALOG_COMPILER_APPICON_NAME = AppIcon;
				ASSETCATALOG_COMPILER_GLOBAL_ACCENT_COLOR_NAME = AccentColor;
				CODE_SIGN_STYLE = Automatic;
				CURRENT_PROJECT_VERSION = 1;
				DEVELOPMENT_ASSET_PATHS = "\"RackStation/Preview Content\"";
				DEVELOPMENT_TEAM = MLT7M394S7;
				ENABLE_PREVIEWS = YES;
				GENERATE_INFOPLIST_FILE = YES;
				INFOPLIST_KEY_UIApplicationSceneManifest_Generation = YES;
				INFOPLIST_KEY_UIApplicationSupportsIndirectInputEvents = YES;
				INFOPLIST_KEY_UILaunchScreen_Generation = YES;
				INFOPLIST_KEY_UISupportedInterfaceOrientations_iPad = "UIInterfaceOrientationPortrait UIInterfaceOrientationPortraitUpsideDown UIInterfaceOrientationLandscapeLeft UIInterfaceOrientationLandscapeRight";
				INFOPLIST_KEY_UISupportedInterfaceOrientations_iPhone = "UIInterfaceOrientationPortrait UIInterfaceOrientationLandscapeLeft UIInterfaceOrientationLandscapeRight";
				LD_RUNPATH_SEARCH_PATHS = (
					"$(inherited)",
					"@executable_path/Frameworks",
				);
				MARKETING_VERSION = 1.0;
				PRODUCT_BUNDLE_IDENTIFIER = com.brightdigit.RackStation;
				PRODUCT_NAME = "$(TARGET_NAME)";
				SWIFT_EMIT_LOC_STRINGS = YES;
				SWIFT_VERSION = 5.0;
				TARGETED_DEVICE_FAMILY = "1,2";
			};
			name = Release;
		};
/* End XCBuildConfiguration section */

/* Begin XCConfigurationList section */
		B3798B8D27CFC952001EB0DC /* Build configuration list for PBXProject "RackStation" */ = {
			isa = XCConfigurationList;
			buildConfigurations = (
				B3798B9E27CFC957001EB0DC /* Debug */,
				B3798B9F27CFC957001EB0DC /* Release */,
			);
			defaultConfigurationIsVisible = 0;
			defaultConfigurationName = Release;
		};
		B3798BA027CFC957001EB0DC /* Build configuration list for PBXNativeTarget "RackStation" */ = {
			isa = XCConfigurationList;
			buildConfigurations = (
				B3798BA127CFC957001EB0DC /* Debug */,
				B3798BA227CFC957001EB0DC /* Release */,
			);
			defaultConfigurationIsVisible = 0;
			defaultConfigurationName = Release;
		};
/* End XCConfigurationList section */
	};
	rootObject = B3798B8A27CFC952001EB0DC /* Project object */;
}
